
Microsoft Visual Studio Solution File, Format Version 12.00
# Visual Studio 15
VisualStudioVersion = 15.0.27130.2026
MinimumVisualStudioVersion = 10.0.40219.1
Project("{2150E333-8FDC-42A3-9474-1A3956D46DE8}") = "_Solution Items", "_Solution Items", "{69EB2F74-110D-44A3-84CC-3DB91C563D2F}"
	ProjectSection(SolutionItems) = preProject
		Build.ps1 = Build.ps1
		CHANGES.md = CHANGES.md
		LICENSE.md = LICENSE.md
		README.md = README.md
	EndProjectSection
EndProject
Project("{FAE04EC0-301F-11D3-BF4B-00C04F79EFBC}") = "ReflectSoftware.Insight.Listeners.Email 4.5", "src\ReflectSoftware.Insight.Listeners.Email 4.5.csproj", "{513CF9FA-76A1-49A0-ACDB-B1452382A480}"
EndProject
Project("{2150E333-8FDC-42A3-9474-1A3956D46DE8}") = "src", "src", "{CDCADCB2-B413-491F-8A21-40D4C0830515}"
	ProjectSection(SolutionItems) = preProject
		src\ReflectSoftware.Insight.Listeners.Email.nuspec = src\ReflectSoftware.Insight.Listeners.Email.nuspec
	EndProjectSection
EndProject
Project("{2150E333-8FDC-42A3-9474-1A3956D46DE8}") = "src", "src", "{05551E07-8E06-4E4E-8E11-3F966B072C22}"
EndProject
Project("{2150E333-8FDC-42A3-9474-1A3956D46DE8}") = "Samples", "Samples", "{E73B7DCF-421A-4F28-84C9-95B7543CF7D7}"
EndProject
Project("{FAE04EC0-301F-11D3-BF4B-00C04F79EFBC}") = "ReflectInsight.Listener.Email.Sample", "Sample\ReflectInsight.Listener.Email.Sample\ReflectInsight.Listener.Email.Sample.csproj", "{19636970-246A-4CB1-ADA9-2D43E29564F9}"
EndProject
Global
	GlobalSection(SolutionConfigurationPlatforms) = preSolution
		Debug|Any CPU = Debug|Any CPU
		Release|Any CPU = Release|Any CPU
	EndGlobalSection
	GlobalSection(ProjectConfigurationPlatforms) = postSolution
		{513CF9FA-76A1-49A0-ACDB-B1452382A480}.Debug|Any CPU.ActiveCfg = Debug|Any CPU
		{513CF9FA-76A1-49A0-ACDB-B1452382A480}.Debug|Any CPU.Build.0 = Debug|Any CPU
		{513CF9FA-76A1-49A0-ACDB-B1452382A480}.Release|Any CPU.ActiveCfg = Release|Any CPU
		{513CF9FA-76A1-49A0-ACDB-B1452382A480}.Release|Any CPU.Build.0 = Release|Any CPU
		{19636970-246A-4CB1-ADA9-2D43E29564F9}.Debug|Any CPU.ActiveCfg = Debug|Any CPU
		{19636970-246A-4CB1-ADA9-2D43E29564F9}.Debug|Any CPU.Build.0 = Debug|Any CPU
		{19636970-246A-4CB1-ADA9-2D43E29564F9}.Release|Any CPU.ActiveCfg = Release|Any CPU
		{19636970-246A-4CB1-ADA9-2D43E29564F9}.Release|Any CPU.Build.0 = Release|Any CPU
	EndGlobalSection
	GlobalSection(SolutionProperties) = preSolution
		HideSolutionNode = FALSE
	EndGlobalSection
	GlobalSection(NestedProjects) = preSolution
		{513CF9FA-76A1-49A0-ACDB-B1452382A480} = {05551E07-8E06-4E4E-8E11-3F966B072C22}
		{CDCADCB2-B413-491F-8A21-40D4C0830515} = {69EB2F74-110D-44A3-84CC-3DB91C563D2F}
		{19636970-246A-4CB1-ADA9-2D43E29564F9} = {E73B7DCF-421A-4F28-84C9-95B7543CF7D7}
	EndGlobalSection
	GlobalSection(ExtensibilityGlobals) = postSolution
		SolutionGuid = {4BAA46D0-747C-45BE-B26C-4D62541292DD}
	EndGlobalSection
EndGlobal
